
Microsoft Visual Studio Solution File, Format Version 12.00
# Visual Studio Version 17
VisualStudioVersion = 17.6.33815.320
MinimumVisualStudioVersion = 10.0.40219.1
Project("{9A19103F-16F7-4668-BE54-9A1E7A4F7556}") = "TestDoubles", "TestDoubles.csproj", "{0EB260F8-18F1-409A-AC16-AF3EF1CD8AF4}"
EndProject
Global
	GlobalSection(SolutionConfigurationPlatforms) = preSolution
		Debug|Any CPU = Debug|Any CPU
		Release|Any CPU = Release|Any CPU
	EndGlobalSection
	GlobalSection(ProjectConfigurationPlatforms) = postSolution
		{0EB260F8-18F1-409A-AC16-AF3EF1CD8AF4}.Debug|Any CPU.ActiveCfg = Debug|Any CPU
		{0EB260F8-18F1-409A-AC16-AF3EF1CD8AF4}.Debug|Any CPU.Build.0 = Debug|Any CPU
		{0EB260F8-18F1-409A-AC16-AF3EF1CD8AF4}.Release|Any CPU.ActiveCfg = Release|Any CPU
		{0EB260F8-18F1-409A-AC16-AF3EF1CD8AF4}.Release|Any CPU.Build.0 = Release|Any CPU
	EndGlobalSection
	GlobalSection(SolutionProperties) = preSolution
		HideSolutionNode = FALSE
	EndGlobalSection
	GlobalSection(ExtensibilityGlobals) = postSolution
		SolutionGuid = {C99AE896-C3EA-40DD-8A04-5D3A784F3ABD}
	EndGlobalSection
EndGlobal
