
Microsoft Visual Studio Solution File, Format Version 12.00
# Visual Studio Version 16
VisualStudioVersion = 16.0.33801.447
MinimumVisualStudioVersion = 10.0.40219.1
Project("{FAE04EC0-301F-11D3-BF4B-00C04F79EFBC}") = "TestDoubles", "TestDoubles.csproj", "{AD5081EE-D57B-4728-93D7-3D22F779494E}"
EndProject
Global
	GlobalSection(SolutionConfigurationPlatforms) = preSolution
		Debug|Any CPU = Debug|Any CPU
		Release|Any CPU = Release|Any CPU
	EndGlobalSection
	GlobalSection(ProjectConfigurationPlatforms) = postSolution
		{AD5081EE-D57B-4728-93D7-3D22F779494E}.Debug|Any CPU.ActiveCfg = Debug|Any CPU
		{AD5081EE-D57B-4728-93D7-3D22F779494E}.Debug|Any CPU.Build.0 = Debug|Any CPU
		{AD5081EE-D57B-4728-93D7-3D22F779494E}.Release|Any CPU.ActiveCfg = Release|Any CPU
		{AD5081EE-D57B-4728-93D7-3D22F779494E}.Release|Any CPU.Build.0 = Release|Any CPU
	EndGlobalSection
	GlobalSection(SolutionProperties) = preSolution
		HideSolutionNode = FALSE
	EndGlobalSection
	GlobalSection(ExtensibilityGlobals) = postSolution
		SolutionGuid = {994824F6-FCE3-4588-AEA2-A2C2CE8D8E54}
	EndGlobalSection
EndGlobal
