
Microsoft Visual Studio Solution File, Format Version 12.00
# Visual Studio 14
VisualStudioVersion = 14.0.25420.1
MinimumVisualStudioVersion = 10.0.40219.1
Project("{FAE04EC0-301F-11D3-BF4B-00C04F79EFBC}") = "EnterpriseLogger", "EnterpriseLogger\EnterpriseLogger.csproj", "{6193B847-7AA5-43DE-B09B-C857E6A26254}"
EndProject
Project("{FAE04EC0-301F-11D3-BF4B-00C04F79EFBC}") = "EntrepriseLogger.UnitTests", "EntrepriseLogger.UnitTests\EntrepriseLogger.UnitTests.csproj", "{753D8E90-5C3E-4095-9D8B-D26BD7907FEA}"
EndProject
Global
	GlobalSection(SolutionConfigurationPlatforms) = preSolution
		Debug|Any CPU = Debug|Any CPU
		Release|Any CPU = Release|Any CPU
	EndGlobalSection
	GlobalSection(ProjectConfigurationPlatforms) = postSolution
		{6193B847-7AA5-43DE-B09B-C857E6A26254}.Debug|Any CPU.ActiveCfg = Debug|Any CPU
		{6193B847-7AA5-43DE-B09B-C857E6A26254}.Debug|Any CPU.Build.0 = Debug|Any CPU
		{6193B847-7AA5-43DE-B09B-C857E6A26254}.Release|Any CPU.ActiveCfg = Release|Any CPU
		{6193B847-7AA5-43DE-B09B-C857E6A26254}.Release|Any CPU.Build.0 = Release|Any CPU
		{753D8E90-5C3E-4095-9D8B-D26BD7907FEA}.Debug|Any CPU.ActiveCfg = Debug|Any CPU
		{753D8E90-5C3E-4095-9D8B-D26BD7907FEA}.Debug|Any CPU.Build.0 = Debug|Any CPU
		{753D8E90-5C3E-4095-9D8B-D26BD7907FEA}.Release|Any CPU.ActiveCfg = Release|Any CPU
		{753D8E90-5C3E-4095-9D8B-D26BD7907FEA}.Release|Any CPU.Build.0 = Release|Any CPU
	EndGlobalSection
	GlobalSection(SolutionProperties) = preSolution
		HideSolutionNode = FALSE
	EndGlobalSection
EndGlobal
