
Microsoft Visual Studio Solution File, Format Version 12.00
# Visual Studio Version 16
VisualStudioVersion = 16.0.29020.237
MinimumVisualStudioVersion = 10.0.40219.1
Project("{9A19103F-16F7-4668-BE54-9A1E7A4F7556}") = "TestDoubles", "TestDoubles.csproj", "{61B34840-1E29-4D09-A563-F6EBAD7F2C5A}"
EndProject
Project("{FAE04EC0-301F-11D3-BF4B-00C04F79EFBC}") = "UnitTestProject", "..\UnitTestProject\UnitTestProject.csproj", "{E947A03D-3427-49BE-A54A-03E917070E0C}"
EndProject
Global
	GlobalSection(SolutionConfigurationPlatforms) = preSolution
		Debug|Any CPU = Debug|Any CPU
		Release|Any CPU = Release|Any CPU
	EndGlobalSection
	GlobalSection(ProjectConfigurationPlatforms) = postSolution
		{61B34840-1E29-4D09-A563-F6EBAD7F2C5A}.Debug|Any CPU.ActiveCfg = Debug|Any CPU
		{61B34840-1E29-4D09-A563-F6EBAD7F2C5A}.Debug|Any CPU.Build.0 = Debug|Any CPU
		{61B34840-1E29-4D09-A563-F6EBAD7F2C5A}.Release|Any CPU.ActiveCfg = Release|Any CPU
		{61B34840-1E29-4D09-A563-F6EBAD7F2C5A}.Release|Any CPU.Build.0 = Release|Any CPU
		{E947A03D-3427-49BE-A54A-03E917070E0C}.Debug|Any CPU.ActiveCfg = Debug|Any CPU
		{E947A03D-3427-49BE-A54A-03E917070E0C}.Debug|Any CPU.Build.0 = Debug|Any CPU
		{E947A03D-3427-49BE-A54A-03E917070E0C}.Release|Any CPU.ActiveCfg = Release|Any CPU
		{E947A03D-3427-49BE-A54A-03E917070E0C}.Release|Any CPU.Build.0 = Release|Any CPU
	EndGlobalSection
	GlobalSection(SolutionProperties) = preSolution
		HideSolutionNode = FALSE
	EndGlobalSection
	GlobalSection(ExtensibilityGlobals) = postSolution
		SolutionGuid = {4CFFFC42-531E-46DF-BDC9-0585D94ED231}
	EndGlobalSection
EndGlobal
